
Microsoft Visual Studio Solution File, Format Version 12.00
# Visual Studio Version 17
VisualStudioVersion = 17.1.32228.430
MinimumVisualStudioVersion = 10.0.40219.1
Project("{8BC9CEB8-8B4A-11D0-8D11-00A0C91BC942}") = "prob1.6-division_memo", "prob1.6-division_memo\prob1.6-division_memo.vcxproj", "{7809AA8A-FF29-4E39-BE79-D4DF49F9627A}"
EndProject
Global
	GlobalSection(SolutionConfigurationPlatforms) = preSolution
		Debug|x64 = Debug|x64
		Debug|x86 = Debug|x86
		Release|x64 = Release|x64
		Release|x86 = Release|x86
	EndGlobalSection
	GlobalSection(ProjectConfigurationPlatforms) = postSolution
		{7809AA8A-FF29-4E39-BE79-D4DF49F9627A}.Debug|x64.ActiveCfg = Debug|x64
		{7809AA8A-FF29-4E39-BE79-D4DF49F9627A}.Debug|x64.Build.0 = Debug|x64
		{7809AA8A-FF29-4E39-BE79-D4DF49F9627A}.Debug|x86.ActiveCfg = Debug|Win32
		{7809AA8A-FF29-4E39-BE79-D4DF49F9627A}.Debug|x86.Build.0 = Debug|Win32
		{7809AA8A-FF29-4E39-BE79-D4DF49F9627A}.Release|x64.ActiveCfg = Release|x64
		{7809AA8A-FF29-4E39-BE79-D4DF49F9627A}.Release|x64.Build.0 = Release|x64
		{7809AA8A-FF29-4E39-BE79-D4DF49F9627A}.Release|x86.ActiveCfg = Release|Win32
		{7809AA8A-FF29-4E39-BE79-D4DF49F9627A}.Release|x86.Build.0 = Release|Win32
	EndGlobalSection
	GlobalSection(SolutionProperties) = preSolution
		HideSolutionNode = FALSE
	EndGlobalSection
	GlobalSection(ExtensibilityGlobals) = postSolution
		SolutionGuid = {14CBF9A8-9934-41A2-AA44-DD4D09F9A22B}
	EndGlobalSection
EndGlobal
