
Microsoft Visual Studio Solution File, Format Version 12.00
# Visual Studio Version 17
VisualStudioVersion = 17.1.32228.430
MinimumVisualStudioVersion = 10.0.40219.1
Project("{8BC9CEB8-8B4A-11D0-8D11-00A0C91BC942}") = "prob0.6-queue_with_2stack", "prob0.6-queue_with_2stack\prob0.6-queue_with_2stack.vcxproj", "{7FFDAD81-2F0F-4F07-8C20-3CF5BC85A62D}"
EndProject
Global
	GlobalSection(SolutionConfigurationPlatforms) = preSolution
		Debug|x64 = Debug|x64
		Debug|x86 = Debug|x86
		Release|x64 = Release|x64
		Release|x86 = Release|x86
	EndGlobalSection
	GlobalSection(ProjectConfigurationPlatforms) = postSolution
		{7FFDAD81-2F0F-4F07-8C20-3CF5BC85A62D}.Debug|x64.ActiveCfg = Debug|x64
		{7FFDAD81-2F0F-4F07-8C20-3CF5BC85A62D}.Debug|x64.Build.0 = Debug|x64
		{7FFDAD81-2F0F-4F07-8C20-3CF5BC85A62D}.Debug|x86.ActiveCfg = Debug|Win32
		{7FFDAD81-2F0F-4F07-8C20-3CF5BC85A62D}.Debug|x86.Build.0 = Debug|Win32
		{7FFDAD81-2F0F-4F07-8C20-3CF5BC85A62D}.Release|x64.ActiveCfg = Release|x64
		{7FFDAD81-2F0F-4F07-8C20-3CF5BC85A62D}.Release|x64.Build.0 = Release|x64
		{7FFDAD81-2F0F-4F07-8C20-3CF5BC85A62D}.Release|x86.ActiveCfg = Release|Win32
		{7FFDAD81-2F0F-4F07-8C20-3CF5BC85A62D}.Release|x86.Build.0 = Release|Win32
	EndGlobalSection
	GlobalSection(SolutionProperties) = preSolution
		HideSolutionNode = FALSE
	EndGlobalSection
	GlobalSection(ExtensibilityGlobals) = postSolution
		SolutionGuid = {83E94D72-93F6-4A57-A480-A89F630C0A96}
	EndGlobalSection
EndGlobal
