
Microsoft Visual Studio Solution File, Format Version 12.00
# Visual Studio Version 17
VisualStudioVersion = 17.1.32228.430
MinimumVisualStudioVersion = 10.0.40219.1
Project("{8BC9CEB8-8B4A-11D0-8D11-00A0C91BC942}") = "prob1.8-sigma_calculate", "prob1.8-sigma_calculate\prob1.8-sigma_calculate.vcxproj", "{CA736DD3-8274-4E6A-8666-86E51B3327EF}"
EndProject
Global
	GlobalSection(SolutionConfigurationPlatforms) = preSolution
		Debug|x64 = Debug|x64
		Debug|x86 = Debug|x86
		Release|x64 = Release|x64
		Release|x86 = Release|x86
	EndGlobalSection
	GlobalSection(ProjectConfigurationPlatforms) = postSolution
		{CA736DD3-8274-4E6A-8666-86E51B3327EF}.Debug|x64.ActiveCfg = Debug|x64
		{CA736DD3-8274-4E6A-8666-86E51B3327EF}.Debug|x64.Build.0 = Debug|x64
		{CA736DD3-8274-4E6A-8666-86E51B3327EF}.Debug|x86.ActiveCfg = Debug|Win32
		{CA736DD3-8274-4E6A-8666-86E51B3327EF}.Debug|x86.Build.0 = Debug|Win32
		{CA736DD3-8274-4E6A-8666-86E51B3327EF}.Release|x64.ActiveCfg = Release|x64
		{CA736DD3-8274-4E6A-8666-86E51B3327EF}.Release|x64.Build.0 = Release|x64
		{CA736DD3-8274-4E6A-8666-86E51B3327EF}.Release|x86.ActiveCfg = Release|Win32
		{CA736DD3-8274-4E6A-8666-86E51B3327EF}.Release|x86.Build.0 = Release|Win32
	EndGlobalSection
	GlobalSection(SolutionProperties) = preSolution
		HideSolutionNode = FALSE
	EndGlobalSection
	GlobalSection(ExtensibilityGlobals) = postSolution
		SolutionGuid = {835BAA32-252A-4BA8-95B3-B122114E58CF}
	EndGlobalSection
EndGlobal
